
Microsoft Visual Studio Solution File, Format Version 12.00
# Visual Studio Version 16
VisualStudioVersion = 16.0.30907.101
MinimumVisualStudioVersion = 10.0.40219.1
Project("{9A19103F-16F7-4668-BE54-9A1E7A4F7556}") = "PvSystemAPI", "PvSystemAPI\PvSystemAPI.csproj", "{477ADE9E-0C66-402F-A294-849BEA8862A6}"
EndProject
Global
	GlobalSection(SolutionConfigurationPlatforms) = preSolution
		Debug|Any CPU = Debug|Any CPU
		Release|Any CPU = Release|Any CPU
	EndGlobalSection
	GlobalSection(ProjectConfigurationPlatforms) = postSolution
		{477ADE9E-0C66-402F-A294-849BEA8862A6}.Debug|Any CPU.ActiveCfg = Debug|Any CPU
		{477ADE9E-0C66-402F-A294-849BEA8862A6}.Debug|Any CPU.Build.0 = Debug|Any CPU
		{477ADE9E-0C66-402F-A294-849BEA8862A6}.Release|Any CPU.ActiveCfg = Release|Any CPU
		{477ADE9E-0C66-402F-A294-849BEA8862A6}.Release|Any CPU.Build.0 = Release|Any CPU
	EndGlobalSection
	GlobalSection(SolutionProperties) = preSolution
		HideSolutionNode = FALSE
	EndGlobalSection
	GlobalSection(ExtensibilityGlobals) = postSolution
		SolutionGuid = {7B63A922-2A1F-49ED-A6E4-543380954061}
	EndGlobalSection
EndGlobal
